
Microsoft Visual Studio Solution File, Format Version 12.00
# Visual Studio Version 17
VisualStudioVersion = 17.8.34525.116
MinimumVisualStudioVersion = 10.0.40219.1
Project("{FAE04EC0-301F-11D3-BF4B-00C04F79EFBC}") = "VillaMsgBackend", "VillaMsgBackend\VillaMsgBackend.csproj", "{064C8440-22DA-4DDE-95F0-511D924B3B25}"
EndProject
Global
	GlobalSection(SolutionConfigurationPlatforms) = preSolution
		Debug|Any CPU = Debug|Any CPU
		Release|Any CPU = Release|Any CPU
	EndGlobalSection
	GlobalSection(ProjectConfigurationPlatforms) = postSolution
		{064C8440-22DA-4DDE-95F0-511D924B3B25}.Debug|Any CPU.ActiveCfg = Debug|Any CPU
		{064C8440-22DA-4DDE-95F0-511D924B3B25}.Debug|Any CPU.Build.0 = Debug|Any CPU
		{064C8440-22DA-4DDE-95F0-511D924B3B25}.Release|Any CPU.ActiveCfg = Release|Any CPU
		{064C8440-22DA-4DDE-95F0-511D924B3B25}.Release|Any CPU.Build.0 = Release|Any CPU
	EndGlobalSection
	GlobalSection(SolutionProperties) = preSolution
		HideSolutionNode = FALSE
	EndGlobalSection
	GlobalSection(ExtensibilityGlobals) = postSolution
		SolutionGuid = {B165CFE5-D85A-463A-B108-8870993E5904}
	EndGlobalSection
EndGlobal
